// !$*UTF8*$!
{
	archiveVersion = 1;
	classes = {
	};
	objectVersion = 50;
	objects = {

/* Begin PBXBuildFile section */
		D31E651323254DA40097264B /* AppDelegate.swift in Sources */ = {isa = PBXBuildFile; fileRef = D31E651223254DA40097264B /* AppDelegate.swift */; };
		D31E651523254DA40097264B /* ViewController.swift in Sources */ = {isa = PBXBuildFile; fileRef = D31E651423254DA40097264B /* ViewController.swift */; };
		D31E651823254DA40097264B /* Main.storyboard in Resources */ = {isa = PBXBuildFile; fileRef = D31E651623254DA40097264B /* Main.storyboard */; };
		D31E651A23254DA60097264B /* Assets.xcassets in Resources */ = {isa = PBXBuildFile; fileRef = D31E651923254DA60097264B /* Assets.xcassets */; };
		D31E651D23254DA60097264B /* LaunchScreen.storyboard in Resources */ = {isa = PBXBuildFile; fileRef = D31E651B23254DA60097264B /* LaunchScreen.storyboard */; };
		D31E652523254F110097264B /* JisshuuCustomInterface.xib in Resources */ = {isa = PBXBuildFile; fileRef = D31E652423254F110097264B /* JisshuuCustomInterface.xib */; };
		D31E6527232550B90097264B /* JisshuuCustomInterface.swift in Sources */ = {isa = PBXBuildFile; fileRef = D31E6526232550B90097264B /* JisshuuCustomInterface.swift */; };
/* End PBXBuildFile section */

/* Begin PBXFileReference section */
		D31E650F23254DA40097264B /* Jisshuu.app */ = {isa = PBXFileReference; explicitFileType = wrapper.application; includeInIndex = 0; path = Jisshuu.app; sourceTree = BUILT_PRODUCTS_DIR; };
		D31E651223254DA40097264B /* AppDelegate.swift */ = {isa = PBXFileReference; lastKnownFileType = sourcecode.swift; path = AppDelegate.swift; sourceTree = "<group>"; };
		D31E651423254DA40097264B /* ViewController.swift */ = {isa = PBXFileReference; lastKnownFileType = sourcecode.swift; path = ViewController.swift; sourceTree = "<group>"; };
		D31E651723254DA40097264B /* Base */ = {isa = PBXFileReference; lastKnownFileType = file.storyboard; name = Base; path = Base.lproj/Main.storyboard; sourceTree = "<group>"; };
		D31E651923254DA60097264B /* Assets.xcassets */ = {isa = PBXFileReference; lastKnownFileType = folder.assetcatalog; path = Assets.xcassets; sourceTree = "<group>"; };
		D31E651C23254DA60097264B /* Base */ = {isa = PBXFileReference; lastKnownFileType = file.storyboard; name = Base; path = Base.lproj/LaunchScreen.storyboard; sourceTree = "<group>"; };
		D31E651E23254DA60097264B /* Info.plist */ = {isa = PBXFileReference; lastKnownFileType = text.plist.xml; path = Info.plist; sourceTree = "<group>"; };
		D31E652423254F110097264B /* JisshuuCustomInterface.xib */ = {isa = PBXFileReference; lastKnownFileType = file.xib; path = JisshuuCustomInterface.xib; sourceTree = "<group>"; };
		D31E6526232550B90097264B /* JisshuuCustomInterface.swift */ = {isa = PBXFileReference; lastKnownFileType = sourcecode.swift; path = JisshuuCustomInterface.swift; sourceTree = "<group>"; };
/* End PBXFileReference section */

/* Begin PBXFrameworksBuildPhase section */
		D31E650C23254DA40097264B /* Frameworks */ = {
			isa = PBXFrameworksBuildPhase;
			buildActionMask = 2147483647;
			files = (
			);
			runOnlyForDeploymentPostprocessing = 0;
		};
/* End PBXFrameworksBuildPhase section */

/* Begin PBXGroup section */
		D31E650623254DA40097264B = {
			isa = PBXGroup;
			children = (
				D31E651123254DA40097264B /* Jisshuu */,
				D31E651023254DA40097264B /* Products */,
			);
			sourceTree = "<group>";
		};
		D31E651023254DA40097264B /* Products */ = {
			isa = PBXGroup;
			children = (
				D31E650F23254DA40097264B /* Jisshuu.app */,
			);
			name = Products;
			sourceTree = "<group>";
		};
		D31E651123254DA40097264B /* Jisshuu */ = {
			isa = PBXGroup;
			children = (
				D31E651223254DA40097264B /* AppDelegate.swift */,
				D31E651423254DA40097264B /* ViewController.swift */,
				D31E651623254DA40097264B /* Main.storyboard */,
				D31E652423254F110097264B /* JisshuuCustomInterface.xib */,
				D31E6526232550B90097264B /* JisshuuCustomInterface.swift */,
				D31E651923254DA60097264B /* Assets.xcassets */,
				D31E651B23254DA60097264B /* LaunchScreen.storyboard */,
				D31E651E23254DA60097264B /* Info.plist */,
			);
			path = Jisshuu;
			sourceTree = "<group>";
		};
/* End PBXGroup section */

/* Begin PBXNativeTarget section */
		D31E650E23254DA40097264B /* Jisshuu */ = {
			isa = PBXNativeTarget;
			buildConfigurationList = D31E652123254DA60097264B /* Build configuration list for PBXNativeTarget "Jisshuu" */;
			buildPhases = (
				D31E650B23254DA40097264B /* Sources */,
				D31E650C23254DA40097264B /* Frameworks */,
				D31E650D23254DA40097264B /* Resources */,
			);
			buildRules = (
			);
			dependencies = (
			);
			name = Jisshuu;
			productName = Jisshuu;
			productReference = D31E650F23254DA40097264B /* Jisshuu.app */;
			productType = "com.apple.product-type.application";
		};
/* End PBXNativeTarget section */

/* Begin PBXProject section */
		D31E650723254DA40097264B /* Project object */ = {
			isa = PBXProject;
			attributes = {
				LastSwiftUpdateCheck = 1030;
				LastUpgradeCheck = 1030;
				ORGANIZATIONNAME = "Levi Kaplan";
				TargetAttributes = {
					D31E650E23254DA40097264B = {
						CreatedOnToolsVersion = 10.3;
					};
				};
			};
			buildConfigurationList = D31E650A23254DA40097264B /* Build configuration list for PBXProject "Jisshuu" */;
			compatibilityVersion = "Xcode 9.3";
			developmentRegion = en;
			hasScannedForEncodings = 0;
			knownRegions = (
				en,
				Base,
			);
			mainGroup = D31E650623254DA40097264B;
			productRefGroup = D31E651023254DA40097264B /* Products */;
			projectDirPath = "";
			projectRoot = "";
			targets = (
				D31E650E23254DA40097264B /* Jisshuu */,
			);
		};
/* End PBXProject section */

/* Begin PBXResourcesBuildPhase section */
		D31E650D23254DA40097264B /* Resources */ = {
			isa = PBXResourcesBuildPhase;
			buildActionMask = 2147483647;
			files = (
				D31E651D23254DA60097264B /* LaunchScreen.storyboard in Resources */,
				D31E651A23254DA60097264B /* Assets.xcassets in Resources */,
				D31E652523254F110097264B /* JisshuuCustomInterface.xib in Resources */,
				D31E651823254DA40097264B /* Main.storyboard in Resources */,
			);
			runOnlyForDeploymentPostprocessing = 0;
		};
/* End PBXResourcesBuildPhase section */

/* Begin PBXSourcesBuildPhase section */
		D31E650B23254DA40097264B /* Sources */ = {
			isa = PBXSourcesBuildPhase;
			buildActionMask = 2147483647;
			files = (
				D31E651523254DA40097264B /* ViewController.swift in Sources */,
				D31E651323254DA40097264B /* AppDelegate.swift in Sources */,
				D31E6527232550B90097264B /* JisshuuCustomInterface.swift in Sources */,
			);
			runOnlyForDeploymentPostprocessing = 0;
		};
/* End PBXSourcesBuildPhase section */

/* Begin PBXVariantGroup section */
		D31E651623254DA40097264B /* Main.storyboard */ = {
			isa = PBXVariantGroup;
			children = (
				D31E651723254DA40097264B /* Base */,
			);
			name = Main.storyboard;
			sourceTree = "<group>";
		};
		D31E651B23254DA60097264B /* LaunchScreen.storyboard */ = {
			isa = PBXVariantGroup;
			children = (
				D31E651C23254DA60097264B /* Base */,
			);
			name = LaunchScreen.storyboard;
			sourceTree = "<group>";
		};
/* End PBXVariantGroup section */

/* Begin XCBuildConfiguration section */
		D31E651F23254DA60097264B /* Debug */ = {
			isa = XCBuildConfiguration;
			buildSettings = {
				ALWAYS_SEARCH_USER_PATHS = NO;
				CLANG_ANALYZER_NONNULL = YES;
				CLANG_ANALYZER_NUMBER_OBJECT_CONVERSION = YES_AGGRESSIVE;
				CLANG_CXX_LANGUAGE_STANDARD = "gnu++14";
				CLANG_CXX_LIBRARY = "libc++";
				CLANG_ENABLE_MODULES = YES;
				CLANG_ENABLE_OBJC_ARC = YES;
				CLANG_ENABLE_OBJC_WEAK = YES;
				CLANG_WARN_BLOCK_CAPTURE_AUTORELEASING = YES;
				CLANG_WARN_BOOL_CONVERSION = YES;
				CLANG_WARN_COMMA = YES;
				CLANG_WARN_CONSTANT_CONVERSION = YES;
				CLANG_WARN_DEPRECATED_OBJC_IMPLEMENTATIONS = YES;
				CLANG_WARN_DIRECT_OBJC_ISA_USAGE = YES_ERROR;
				CLANG_WARN_DOCUMENTATION_COMMENTS = YES;
				CLANG_WARN_EMPTY_BODY = YES;
				CLANG_WARN_ENUM_CONVERSION = YES;
				CLANG_WARN_INFINITE_RECURSION = YES;
				CLANG_WARN_INT_CONVERSION = YES;
				CLANG_WARN_NON_LITERAL_NULL_CONVERSION = YES;
				CLANG_WARN_OBJC_IMPLICIT_RETAIN_SELF = YES;
				CLANG_WARN_OBJC_LITERAL_CONVERSION = YES;
				CLANG_WARN_OBJC_ROOT_CLASS = YES_ERROR;
				CLANG_WARN_RANGE_LOOP_ANALYSIS = YES;
				CLANG_WARN_STRICT_PROTOTYPES = YES;
				CLANG_WARN_SUSPICIOUS_MOVE = YES;
				CLANG_WARN_UNGUARDED_AVAILABILITY = YES_AGGRESSIVE;
				CLANG_WARN_UNREACHABLE_CODE = YES;
				CLANG_WARN__DUPLICATE_METHOD_MATCH = YES;
				CODE_SIGN_IDENTITY = "iPhone Developer";
				COPY_PHASE_STRIP = NO;
				DEBUG_INFORMATION_FORMAT = dwarf;
				ENABLE_STRICT_OBJC_MSGSEND = YES;
				ENABLE_TESTABILITY = YES;
				GCC_C_LANGUAGE_STANDARD = gnu11;
				GCC_DYNAMIC_NO_PIC = NO;
				GCC_NO_COMMON_BLOCKS = YES;
				GCC_OPTIMIZATION_LEVEL = 0;
				GCC_PREPROCESSOR_DEFINITIONS = (
					"DEBUG=1",
					"$(inherited)",
				);
				GCC_WARN_64_TO_32_BIT_CONVERSION = YES;
				GCC_WARN_ABOUT_RETURN_TYPE = YES_ERROR;
				GCC_WARN_UNDECLARED_SELECTOR = YES;
				GCC_WARN_UNINITIALIZED_AUTOS = YES_AGGRESSIVE;
				GCC_WARN_UNUSED_FUNCTION = YES;
				GCC_WARN_UNUSED_VARIABLE = YES;
				IPHONEOS_DEPLOYMENT_TARGET = 12.4;
				MTL_ENABLE_DEBUG_INFO = INCLUDE_SOURCE;
				MTL_FAST_MATH = YES;
				ONLY_ACTIVE_ARCH = YES;
				SDKROOT = iphoneos;
				SWIFT_ACTIVE_COMPILATION_CONDITIONS = DEBUG;
				SWIFT_OPTIMIZATION_LEVEL = "-Onone";
			};
			name = Debug;
		};
		D31E652023254DA60097264B /* Release */ = {
			isa = XCBuildConfiguration;
			buildSettings = {
				ALWAYS_SEARCH_USER_PATHS = NO;
				CLANG_ANALYZER_NONNULL = YES;
				CLANG_ANALYZER_NUMBER_OBJECT_CONVERSION = YES_AGGRESSIVE;
				CLANG_CXX_LANGUAGE_STANDARD = "gnu++14";
				CLANG_CXX_LIBRARY = "libc++";
				CLANG_ENABLE_MODULES = YES;
				CLANG_ENABLE_OBJC_ARC = YES;
				CLANG_ENABLE_OBJC_WEAK = YES;
				CLANG_WARN_BLOCK_CAPTURE_AUTORELEASING = YES;
				CLANG_WARN_BOOL_CONVERSION = YES;
				CLANG_WARN_COMMA = YES;
				CLANG_WARN_CONSTANT_CONVERSION = YES;
				CLANG_WARN_DEPRECATED_OBJC_IMPLEMENTATIONS = YES;
				CLANG_WARN_DIRECT_OBJC_ISA_USAGE = YES_ERROR;
				CLANG_WARN_DOCUMENTATION_COMMENTS = YES;
				CLANG_WARN_EMPTY_BODY = YES;
				CLANG_WARN_ENUM_CONVERSION = YES;
				CLANG_WARN_INFINITE_RECURSION = YES;
				CLANG_WARN_INT_CONVERSION = YES;
				CLANG_WARN_NON_LITERAL_NULL_CONVERSION = YES;
				CLANG_WARN_OBJC_IMPLICIT_RETAIN_SELF = YES;
				CLANG_WARN_OBJC_LITERAL_CONVERSION = YES;
				CLANG_WARN_OBJC_ROOT_CLASS = YES_ERROR;
				CLANG_WARN_RANGE_LOOP_ANALYSIS = YES;
				CLANG_WARN_STRICT_PROTOTYPES = YES;
				CLANG_WARN_SUSPICIOUS_MOVE = YES;
				CLANG_WARN_UNGUARDED_AVAILABILITY = YES_AGGRESSIVE;
				CLANG_WARN_UNREACHABLE_CODE = YES;
				CLANG_WARN__DUPLICATE_METHOD_MATCH = YES;
				CODE_SIGN_IDENTITY = "iPhone Developer";
				COPY_PHASE_STRIP = NO;
				DEBUG_INFORMATION_FORMAT = "dwarf-with-dsym";
				ENABLE_NS_ASSERTIONS = NO;
				ENABLE_STRICT_OBJC_MSGSEND = YES;
				GCC_C_LANGUAGE_STANDARD = gnu11;
				GCC_NO_COMMON_BLOCKS = YES;
				GCC_WARN_64_TO_32_BIT_CONVERSION = YES;
				GCC_WARN_ABOUT_RETURN_TYPE = YES_ERROR;
				GCC_WARN_UNDECLARED_SELECTOR = YES;
				GCC_WARN_UNINITIALIZED_AUTOS = YES_AGGRESSIVE;
				GCC_WARN_UNUSED_FUNCTION = YES;
				GCC_WARN_UNUSED_VARIABLE = YES;
				IPHONEOS_DEPLOYMENT_TARGET = 12.4;
				MTL_ENABLE_DEBUG_INFO = NO;
				MTL_FAST_MATH = YES;
				SDKROOT = iphoneos;
				SWIFT_COMPILATION_MODE = wholemodule;
				SWIFT_OPTIMIZATION_LEVEL = "-O";
				VALIDATE_PRODUCT = YES;
			};
			name = Release;
		};
		D31E652223254DA60097264B /* Debug */ = {
			isa = XCBuildConfiguration;
			buildSettings = {
				ASSETCATALOG_COMPILER_APPICON_NAME = AppIcon;
				CODE_SIGN_STYLE = Automatic;
				DEVELOPMENT_TEAM = ML7XKE52XD;
				INFOPLIST_FILE = Jisshuu/Info.plist;
				LD_RUNPATH_SEARCH_PATHS = (
					"$(inherited)",
					"@executable_path/Frameworks",
				);
				PRODUCT_BUNDLE_IDENTIFIER = com.leevzkaplan.Jisshuu;
				PRODUCT_NAME = "$(TARGET_NAME)";
				SWIFT_VERSION = 5.0;
				TARGETED_DEVICE_FAMILY = "1,2";
			};
			name = Debug;
		};
		D31E652323254DA60097264B /* Release */ = {
			isa = XCBuildConfiguration;
			buildSettings = {
				ASSETCATALOG_COMPILER_APPICON_NAME = AppIcon;
				CODE_SIGN_STYLE = Automatic;
				DEVELOPMENT_TEAM = ML7XKE52XD;
				INFOPLIST_FILE = Jisshuu/Info.plist;
				LD_RUNPATH_SEARCH_PATHS = (
					"$(inherited)",
					"@executable_path/Frameworks",
				);
				PRODUCT_BUNDLE_IDENTIFIER = com.leevzkaplan.Jisshuu;
				PRODUCT_NAME = "$(TARGET_NAME)";
				SWIFT_VERSION = 5.0;
				TARGETED_DEVICE_FAMILY = "1,2";
			};
			name = Release;
		};
/* End XCBuildConfiguration section */

/* Begin XCConfigurationList section */
		D31E650A23254DA40097264B /* Build configuration list for PBXProject "Jisshuu" */ = {
			isa = XCConfigurationList;
			buildConfigurations = (
				D31E651F23254DA60097264B /* Debug */,
				D31E652023254DA60097264B /* Release */,
			);
			defaultConfigurationIsVisible = 0;
			defaultConfigurationName = Release;
		};
		D31E652123254DA60097264B /* Build configuration list for PBXNativeTarget "Jisshuu" */ = {
			isa = XCConfigurationList;
			buildConfigurations = (
				D31E652223254DA60097264B /* Debug */,
				D31E652323254DA60097264B /* Release */,
			);
			defaultConfigurationIsVisible = 0;
			defaultConfigurationName = Release;
		};
/* End XCConfigurationList section */
	};
	rootObject = D31E650723254DA40097264B /* Project object */;
}
