// !$*UTF8*$!
{
	archiveVersion = 1;
	classes = {
	};
	objectVersion = 50;
	objects = {

/* Begin PBXBuildFile section */
		D336F98E2359174900DCE256 /* AppDelegate.swift in Sources */ = {isa = PBXBuildFile; fileRef = D336F98D2359174900DCE256 /* AppDelegate.swift */; };
		D336F9902359174900DCE256 /* SceneDelegate.swift in Sources */ = {isa = PBXBuildFile; fileRef = D336F98F2359174900DCE256 /* SceneDelegate.swift */; };
		D336F9922359174900DCE256 /* ContentView.swift in Sources */ = {isa = PBXBuildFile; fileRef = D336F9912359174900DCE256 /* ContentView.swift */; };
		D336F9942359174C00DCE256 /* Assets.xcassets in Resources */ = {isa = PBXBuildFile; fileRef = D336F9932359174C00DCE256 /* Assets.xcassets */; };
		D336F9972359174C00DCE256 /* Preview Assets.xcassets in Resources */ = {isa = PBXBuildFile; fileRef = D336F9962359174C00DCE256 /* Preview Assets.xcassets */; };
		D336F99A2359174C00DCE256 /* LaunchScreen.storyboard in Resources */ = {isa = PBXBuildFile; fileRef = D336F9982359174C00DCE256 /* LaunchScreen.storyboard */; };
/* End PBXBuildFile section */

/* Begin PBXFileReference section */
		D336F98A2359174900DCE256 /* Jisshuu.app */ = {isa = PBXFileReference; explicitFileType = wrapper.application; includeInIndex = 0; path = Jisshuu.app; sourceTree = BUILT_PRODUCTS_DIR; };
		D336F98D2359174900DCE256 /* AppDelegate.swift */ = {isa = PBXFileReference; lastKnownFileType = sourcecode.swift; path = AppDelegate.swift; sourceTree = "<group>"; };
		D336F98F2359174900DCE256 /* SceneDelegate.swift */ = {isa = PBXFileReference; lastKnownFileType = sourcecode.swift; path = SceneDelegate.swift; sourceTree = "<group>"; };
		D336F9912359174900DCE256 /* ContentView.swift */ = {isa = PBXFileReference; lastKnownFileType = sourcecode.swift; path = ContentView.swift; sourceTree = "<group>"; };
		D336F9932359174C00DCE256 /* Assets.xcassets */ = {isa = PBXFileReference; lastKnownFileType = folder.assetcatalog; path = Assets.xcassets; sourceTree = "<group>"; };
		D336F9962359174C00DCE256 /* Preview Assets.xcassets */ = {isa = PBXFileReference; lastKnownFileType = folder.assetcatalog; path = "Preview Assets.xcassets"; sourceTree = "<group>"; };
		D336F9992359174C00DCE256 /* Base */ = {isa = PBXFileReference; lastKnownFileType = file.storyboard; name = Base; path = Base.lproj/LaunchScreen.storyboard; sourceTree = "<group>"; };
		D336F99B2359174C00DCE256 /* Info.plist */ = {isa = PBXFileReference; lastKnownFileType = text.plist.xml; path = Info.plist; sourceTree = "<group>"; };
/* End PBXFileReference section */

/* Begin PBXFrameworksBuildPhase section */
		D336F9872359174900DCE256 /* Frameworks */ = {
			isa = PBXFrameworksBuildPhase;
			buildActionMask = 2147483647;
			files = (
			);
			runOnlyForDeploymentPostprocessing = 0;
		};
/* End PBXFrameworksBuildPhase section */

/* Begin PBXGroup section */
		D336F9812359174900DCE256 = {
			isa = PBXGroup;
			children = (
				D336F98C2359174900DCE256 /* Jisshuu */,
				D336F98B2359174900DCE256 /* Products */,
			);
			sourceTree = "<group>";
		};
		D336F98B2359174900DCE256 /* Products */ = {
			isa = PBXGroup;
			children = (
				D336F98A2359174900DCE256 /* Jisshuu.app */,
			);
			name = Products;
			sourceTree = "<group>";
		};
		D336F98C2359174900DCE256 /* Jisshuu */ = {
			isa = PBXGroup;
			children = (
				D336F98D2359174900DCE256 /* AppDelegate.swift */,
				D336F98F2359174900DCE256 /* SceneDelegate.swift */,
				D336F9912359174900DCE256 /* ContentView.swift */,
				D336F9932359174C00DCE256 /* Assets.xcassets */,
				D336F9982359174C00DCE256 /* LaunchScreen.storyboard */,
				D336F99B2359174C00DCE256 /* Info.plist */,
				D336F9952359174C00DCE256 /* Preview Content */,
			);
			path = Jisshuu;
			sourceTree = "<group>";
		};
		D336F9952359174C00DCE256 /* Preview Content */ = {
			isa = PBXGroup;
			children = (
				D336F9962359174C00DCE256 /* Preview Assets.xcassets */,
			);
			path = "Preview Content";
			sourceTree = "<group>";
		};
/* End PBXGroup section */

/* Begin PBXNativeTarget section */
		D336F9892359174900DCE256 /* Jisshuu */ = {
			isa = PBXNativeTarget;
			buildConfigurationList = D336F99E2359174C00DCE256 /* Build configuration list for PBXNativeTarget "Jisshuu" */;
			buildPhases = (
				D336F9862359174900DCE256 /* Sources */,
				D336F9872359174900DCE256 /* Frameworks */,
				D336F9882359174900DCE256 /* Resources */,
			);
			buildRules = (
			);
			dependencies = (
			);
			name = Jisshuu;
			productName = Jisshuu;
			productReference = D336F98A2359174900DCE256 /* Jisshuu.app */;
			productType = "com.apple.product-type.application";
		};
/* End PBXNativeTarget section */

/* Begin PBXProject section */
		D336F9822359174900DCE256 /* Project object */ = {
			isa = PBXProject;
			attributes = {
				LastSwiftUpdateCheck = 1100;
				LastUpgradeCheck = 1100;
				ORGANIZATIONNAME = "Levi Kaplan";
				TargetAttributes = {
					D336F9892359174900DCE256 = {
						CreatedOnToolsVersion = 11.0;
					};
				};
			};
			buildConfigurationList = D336F9852359174900DCE256 /* Build configuration list for PBXProject "Jisshuu" */;
			compatibilityVersion = "Xcode 9.3";
			developmentRegion = en;
			hasScannedForEncodings = 0;
			knownRegions = (
				en,
				Base,
			);
			mainGroup = D336F9812359174900DCE256;
			productRefGroup = D336F98B2359174900DCE256 /* Products */;
			projectDirPath = "";
			projectRoot = "";
			targets = (
				D336F9892359174900DCE256 /* Jisshuu */,
			);
		};
/* End PBXProject section */

/* Begin PBXResourcesBuildPhase section */
		D336F9882359174900DCE256 /* Resources */ = {
			isa = PBXResourcesBuildPhase;
			buildActionMask = 2147483647;
			files = (
				D336F99A2359174C00DCE256 /* LaunchScreen.storyboard in Resources */,
				D336F9972359174C00DCE256 /* Preview Assets.xcassets in Resources */,
				D336F9942359174C00DCE256 /* Assets.xcassets in Resources */,
			);
			runOnlyForDeploymentPostprocessing = 0;
		};
/* End PBXResourcesBuildPhase section */

/* Begin PBXSourcesBuildPhase section */
		D336F9862359174900DCE256 /* Sources */ = {
			isa = PBXSourcesBuildPhase;
			buildActionMask = 2147483647;
			files = (
				D336F98E2359174900DCE256 /* AppDelegate.swift in Sources */,
				D336F9902359174900DCE256 /* SceneDelegate.swift in Sources */,
				D336F9922359174900DCE256 /* ContentView.swift in Sources */,
			);
			runOnlyForDeploymentPostprocessing = 0;
		};
/* End PBXSourcesBuildPhase section */

/* Begin PBXVariantGroup section */
		D336F9982359174C00DCE256 /* LaunchScreen.storyboard */ = {
			isa = PBXVariantGroup;
			children = (
				D336F9992359174C00DCE256 /* Base */,
			);
			name = LaunchScreen.storyboard;
			sourceTree = "<group>";
		};
/* End PBXVariantGroup section */

/* Begin XCBuildConfiguration section */
		D336F99C2359174C00DCE256 /* Debug */ = {
			isa = XCBuildConfiguration;
			buildSettings = {
				ALWAYS_SEARCH_USER_PATHS = NO;
				CLANG_ANALYZER_NONNULL = YES;
				CLANG_ANALYZER_NUMBER_OBJECT_CONVERSION = YES_AGGRESSIVE;
				CLANG_CXX_LANGUAGE_STANDARD = "gnu++14";
				CLANG_CXX_LIBRARY = "libc++";
				CLANG_ENABLE_MODULES = YES;
				CLANG_ENABLE_OBJC_ARC = YES;
				CLANG_ENABLE_OBJC_WEAK = YES;
				CLANG_WARN_BLOCK_CAPTURE_AUTORELEASING = YES;
				CLANG_WARN_BOOL_CONVERSION = YES;
				CLANG_WARN_COMMA = YES;
				CLANG_WARN_CONSTANT_CONVERSION = YES;
				CLANG_WARN_DEPRECATED_OBJC_IMPLEMENTATIONS = YES;
				CLANG_WARN_DIRECT_OBJC_ISA_USAGE = YES_ERROR;
				CLANG_WARN_DOCUMENTATION_COMMENTS = YES;
				CLANG_WARN_EMPTY_BODY = YES;
				CLANG_WARN_ENUM_CONVERSION = YES;
				CLANG_WARN_INFINITE_RECURSION = YES;
				CLANG_WARN_INT_CONVERSION = YES;
				CLANG_WARN_NON_LITERAL_NULL_CONVERSION = YES;
				CLANG_WARN_OBJC_IMPLICIT_RETAIN_SELF = YES;
				CLANG_WARN_OBJC_LITERAL_CONVERSION = YES;
				CLANG_WARN_OBJC_ROOT_CLASS = YES_ERROR;
				CLANG_WARN_RANGE_LOOP_ANALYSIS = YES;
				CLANG_WARN_STRICT_PROTOTYPES = YES;
				CLANG_WARN_SUSPICIOUS_MOVE = YES;
				CLANG_WARN_UNGUARDED_AVAILABILITY = YES_AGGRESSIVE;
				CLANG_WARN_UNREACHABLE_CODE = YES;
				CLANG_WARN__DUPLICATE_METHOD_MATCH = YES;
				COPY_PHASE_STRIP = NO;
				DEBUG_INFORMATION_FORMAT = dwarf;
				ENABLE_STRICT_OBJC_MSGSEND = YES;
				ENABLE_TESTABILITY = YES;
				GCC_C_LANGUAGE_STANDARD = gnu11;
				GCC_DYNAMIC_NO_PIC = NO;
				GCC_NO_COMMON_BLOCKS = YES;
				GCC_OPTIMIZATION_LEVEL = 0;
				GCC_PREPROCESSOR_DEFINITIONS = (
					"DEBUG=1",
					"$(inherited)",
				);
				GCC_WARN_64_TO_32_BIT_CONVERSION = YES;
				GCC_WARN_ABOUT_RETURN_TYPE = YES_ERROR;
				GCC_WARN_UNDECLARED_SELECTOR = YES;
				GCC_WARN_UNINITIALIZED_AUTOS = YES_AGGRESSIVE;
				GCC_WARN_UNUSED_FUNCTION = YES;
				GCC_WARN_UNUSED_VARIABLE = YES;
				IPHONEOS_DEPLOYMENT_TARGET = 13.0;
				MTL_ENABLE_DEBUG_INFO = INCLUDE_SOURCE;
				MTL_FAST_MATH = YES;
				ONLY_ACTIVE_ARCH = YES;
				SDKROOT = iphoneos;
				SWIFT_ACTIVE_COMPILATION_CONDITIONS = DEBUG;
				SWIFT_OPTIMIZATION_LEVEL = "-Onone";
			};
			name = Debug;
		};
		D336F99D2359174C00DCE256 /* Release */ = {
			isa = XCBuildConfiguration;
			buildSettings = {
				ALWAYS_SEARCH_USER_PATHS = NO;
				CLANG_ANALYZER_NONNULL = YES;
				CLANG_ANALYZER_NUMBER_OBJECT_CONVERSION = YES_AGGRESSIVE;
				CLANG_CXX_LANGUAGE_STANDARD = "gnu++14";
				CLANG_CXX_LIBRARY = "libc++";
				CLANG_ENABLE_MODULES = YES;
				CLANG_ENABLE_OBJC_ARC = YES;
				CLANG_ENABLE_OBJC_WEAK = YES;
				CLANG_WARN_BLOCK_CAPTURE_AUTORELEASING = YES;
				CLANG_WARN_BOOL_CONVERSION = YES;
				CLANG_WARN_COMMA = YES;
				CLANG_WARN_CONSTANT_CONVERSION = YES;
				CLANG_WARN_DEPRECATED_OBJC_IMPLEMENTATIONS = YES;
				CLANG_WARN_DIRECT_OBJC_ISA_USAGE = YES_ERROR;
				CLANG_WARN_DOCUMENTATION_COMMENTS = YES;
				CLANG_WARN_EMPTY_BODY = YES;
				CLANG_WARN_ENUM_CONVERSION = YES;
				CLANG_WARN_INFINITE_RECURSION = YES;
				CLANG_WARN_INT_CONVERSION = YES;
				CLANG_WARN_NON_LITERAL_NULL_CONVERSION = YES;
				CLANG_WARN_OBJC_IMPLICIT_RETAIN_SELF = YES;
				CLANG_WARN_OBJC_LITERAL_CONVERSION = YES;
				CLANG_WARN_OBJC_ROOT_CLASS = YES_ERROR;
				CLANG_WARN_RANGE_LOOP_ANALYSIS = YES;
				CLANG_WARN_STRICT_PROTOTYPES = YES;
				CLANG_WARN_SUSPICIOUS_MOVE = YES;
				CLANG_WARN_UNGUARDED_AVAILABILITY = YES_AGGRESSIVE;
				CLANG_WARN_UNREACHABLE_CODE = YES;
				CLANG_WARN__DUPLICATE_METHOD_MATCH = YES;
				COPY_PHASE_STRIP = NO;
				DEBUG_INFORMATION_FORMAT = "dwarf-with-dsym";
				ENABLE_NS_ASSERTIONS = NO;
				ENABLE_STRICT_OBJC_MSGSEND = YES;
				GCC_C_LANGUAGE_STANDARD = gnu11;
				GCC_NO_COMMON_BLOCKS = YES;
				GCC_WARN_64_TO_32_BIT_CONVERSION = YES;
				GCC_WARN_ABOUT_RETURN_TYPE = YES_ERROR;
				GCC_WARN_UNDECLARED_SELECTOR = YES;
				GCC_WARN_UNINITIALIZED_AUTOS = YES_AGGRESSIVE;
				GCC_WARN_UNUSED_FUNCTION = YES;
				GCC_WARN_UNUSED_VARIABLE = YES;
				IPHONEOS_DEPLOYMENT_TARGET = 13.0;
				MTL_ENABLE_DEBUG_INFO = NO;
				MTL_FAST_MATH = YES;
				SDKROOT = iphoneos;
				SWIFT_COMPILATION_MODE = wholemodule;
				SWIFT_OPTIMIZATION_LEVEL = "-O";
				VALIDATE_PRODUCT = YES;
			};
			name = Release;
		};
		D336F99F2359174C00DCE256 /* Debug */ = {
			isa = XCBuildConfiguration;
			buildSettings = {
				ASSETCATALOG_COMPILER_APPICON_NAME = AppIcon;
				CODE_SIGN_STYLE = Automatic;
				DEVELOPMENT_ASSET_PATHS = "\"Jisshuu/Preview Content\"";
				DEVELOPMENT_TEAM = ML7XKE52XD;
				ENABLE_PREVIEWS = YES;
				INFOPLIST_FILE = Jisshuu/Info.plist;
				LD_RUNPATH_SEARCH_PATHS = (
					"$(inherited)",
					"@executable_path/Frameworks",
				);
				PRODUCT_BUNDLE_IDENTIFIER = com.leevzkaplan.Jisshuu;
				PRODUCT_NAME = "$(TARGET_NAME)";
				SWIFT_VERSION = 5.0;
				TARGETED_DEVICE_FAMILY = "1,2";
			};
			name = Debug;
		};
		D336F9A02359174C00DCE256 /* Release */ = {
			isa = XCBuildConfiguration;
			buildSettings = {
				ASSETCATALOG_COMPILER_APPICON_NAME = AppIcon;
				CODE_SIGN_STYLE = Automatic;
				DEVELOPMENT_ASSET_PATHS = "\"Jisshuu/Preview Content\"";
				DEVELOPMENT_TEAM = ML7XKE52XD;
				ENABLE_PREVIEWS = YES;
				INFOPLIST_FILE = Jisshuu/Info.plist;
				LD_RUNPATH_SEARCH_PATHS = (
					"$(inherited)",
					"@executable_path/Frameworks",
				);
				PRODUCT_BUNDLE_IDENTIFIER = com.leevzkaplan.Jisshuu;
				PRODUCT_NAME = "$(TARGET_NAME)";
				SWIFT_VERSION = 5.0;
				TARGETED_DEVICE_FAMILY = "1,2";
			};
			name = Release;
		};
/* End XCBuildConfiguration section */

/* Begin XCConfigurationList section */
		D336F9852359174900DCE256 /* Build configuration list for PBXProject "Jisshuu" */ = {
			isa = XCConfigurationList;
			buildConfigurations = (
				D336F99C2359174C00DCE256 /* Debug */,
				D336F99D2359174C00DCE256 /* Release */,
			);
			defaultConfigurationIsVisible = 0;
			defaultConfigurationName = Release;
		};
		D336F99E2359174C00DCE256 /* Build configuration list for PBXNativeTarget "Jisshuu" */ = {
			isa = XCConfigurationList;
			buildConfigurations = (
				D336F99F2359174C00DCE256 /* Debug */,
				D336F9A02359174C00DCE256 /* Release */,
			);
			defaultConfigurationIsVisible = 0;
			defaultConfigurationName = Release;
		};
/* End XCConfigurationList section */
	};
	rootObject = D336F9822359174900DCE256 /* Project object */;
}
